
Microsoft Visual Studio Solution File, Format Version 12.00
# Visual Studio 15
VisualStudioVersion = 15.0.28307.106
MinimumVisualStudioVersion = 10.0.40219.1
Project("{FAE04EC0-301F-11D3-BF4B-00C04F79EFBC}") = "CarRentalProject", "CarRentalProject\CarRentalProject.csproj", "{EF4B6FD6-7094-4E9A-A56D-CBDFD76E51C5}"
EndProject
Global
	GlobalSection(SolutionConfigurationPlatforms) = preSolution
		Debug|Any CPU = Debug|Any CPU
		Release|Any CPU = Release|Any CPU
	EndGlobalSection
	GlobalSection(ProjectConfigurationPlatforms) = postSolution
		{EF4B6FD6-7094-4E9A-A56D-CBDFD76E51C5}.Debug|Any CPU.ActiveCfg = Debug|Any CPU
		{EF4B6FD6-7094-4E9A-A56D-CBDFD76E51C5}.Debug|Any CPU.Build.0 = Debug|Any CPU
		{EF4B6FD6-7094-4E9A-A56D-CBDFD76E51C5}.Release|Any CPU.ActiveCfg = Release|Any CPU
		{EF4B6FD6-7094-4E9A-A56D-CBDFD76E51C5}.Release|Any CPU.Build.0 = Release|Any CPU
	EndGlobalSection
	GlobalSection(SolutionProperties) = preSolution
		HideSolutionNode = FALSE
	EndGlobalSection
	GlobalSection(ExtensibilityGlobals) = postSolution
		SolutionGuid = {F4A666BB-C77C-4F5B-BF0F-9E87E73AE43F}
	EndGlobalSection
EndGlobal
